// !$*UTF8*$!
{
	archiveVersion = 1;
	classes = {
	};
	objectVersion = 77;
	objects = {

/* Begin PBXContainerItemProxy section */
		0F89CDC52F6929EE002271F3 /* PBXContainerItemProxy */ = {
			isa = PBXContainerItemProxy;
			containerPortal = 0F89CDAF2F6929EC002271F3 /* Project object */;
			proxyType = 1;
			remoteGlobalIDString = 0F89CDB62F6929EC002271F3;
			remoteInfo = AccessPulseDemo;
		};
		0F89CDCF2F6929EE002271F3 /* PBXContainerItemProxy */ = {
			isa = PBXContainerItemProxy;
			containerPortal = 0F89CDAF2F6929EC002271F3 /* Project object */;
			proxyType = 1;
			remoteGlobalIDString = 0F89CDB62F6929EC002271F3;
			remoteInfo = AccessPulseDemo;
		};
/* End PBXContainerItemProxy section */

/* Begin PBXBuildFile section */
		5A11A11B0000000000000001 /* AccessPulseUI in Frameworks */ = {isa = PBXBuildFile; productRef = 5A11A11B0000000000000002 /* AccessPulseUI */; };
/* End PBXBuildFile section */

/* Begin PBXFileReference section */
		0F89CDB72F6929EC002271F3 /* AccessPulseDemo.app */ = {isa = PBXFileReference; explicitFileType = wrapper.application; includeInIndex = 0; path = AccessPulseDemo.app; sourceTree = BUILT_PRODUCTS_DIR; };
		0F89CDC42F6929EE002271F3 /* AccessPulseDemoTests.xctest */ = {isa = PBXFileReference; explicitFileType = wrapper.cfbundle; includeInIndex = 0; path = AccessPulseDemoTests.xctest; sourceTree = BUILT_PRODUCTS_DIR; };
		0F89CDCE2F6929EE002271F3 /* AccessPulseDemoUITests.xctest */ = {isa = PBXFileReference; explicitFileType = wrapper.cfbundle; includeInIndex = 0; path = AccessPulseDemoUITests.xctest; sourceTree = BUILT_PRODUCTS_DIR; };
/* End PBXFileReference section */

/* Begin PBXFileSystemSynchronizedRootGroup section */
		0F89CDB92F6929EC002271F3 /* AccessPulseDemo */ = {
			isa = PBXFileSystemSynchronizedRootGroup;
			path = AccessPulseDemo;
			sourceTree = "<group>";
		};
		0F89CDC72F6929EE002271F3 /* AccessPulseDemoTests */ = {
			isa = PBXFileSystemSynchronizedRootGroup;
			path = AccessPulseDemoTests;
			sourceTree = "<group>";
		};
		0F89CDD12F6929EE002271F3 /* AccessPulseDemoUITests */ = {
			isa = PBXFileSystemSynchronizedRootGroup;
			path = AccessPulseDemoUITests;
			sourceTree = "<group>";
		};
/* End PBXFileSystemSynchronizedRootGroup section */

/* Begin PBXFrameworksBuildPhase section */
		0F89CDB42F6929EC002271F3 /* Frameworks */ = {
			isa = PBXFrameworksBuildPhase;
			buildActionMask = 2147483647;
			files = (
				5A11A11B0000000000000001 /* AccessPulseUI in Frameworks */,
			);
			runOnlyForDeploymentPostprocessing = 0;
		};
		0F89CDC12F6929EE002271F3 /* Frameworks */ = {
			isa = PBXFrameworksBuildPhase;
			buildActionMask = 2147483647;
			files = (
			);
			runOnlyForDeploymentPostprocessing = 0;
		};
		0F89CDCB2F6929EE002271F3 /* Frameworks */ = {
			isa = PBXFrameworksBuildPhase;
			buildActionMask = 2147483647;
			files = (
			);
			runOnlyForDeploymentPostprocessing = 0;
		};
/* End PBXFrameworksBuildPhase section */

/* Begin PBXGroup section */
		0F89CDAE2F6929EC002271F3 = {
			isa = PBXGroup;
			children = (
				0F89CDB92F6929EC002271F3 /* AccessPulseDemo */,
				0F89CDC72F6929EE002271F3 /* AccessPulseDemoTests */,
				0F89CDD12F6929EE002271F3 /* AccessPulseDemoUITests */,
				0F89CDB82F6929EC002271F3 /* Products */,
			);
			sourceTree = "<group>";
		};
		0F89CDB82F6929EC002271F3 /* Products */ = {
			isa = PBXGroup;
			children = (
				0F89CDB72F6929EC002271F3 /* AccessPulseDemo.app */,
				0F89CDC42F6929EE002271F3 /* AccessPulseDemoTests.xctest */,
				0F89CDCE2F6929EE002271F3 /* AccessPulseDemoUITests.xctest */,
			);
			name = Products;
			sourceTree = "<group>";
		};
/* End PBXGroup section */

/* Begin PBXNativeTarget section */
		0F89CDB62F6929EC002271F3 /* AccessPulseDemo */ = {
			isa = PBXNativeTarget;
			buildConfigurationList = 0F89CDD82F6929EE002271F3 /* Build configuration list for PBXNativeTarget "AccessPulseDemo" */;
			buildPhases = (
				0F89CDB32F6929EC002271F3 /* Sources */,
				0F89CDB42F6929EC002271F3 /* Frameworks */,
				0F89CDB52F6929EC002271F3 /* Resources */,
			);
			buildRules = (
			);
			dependencies = (
			);
			fileSystemSynchronizedGroups = (
				0F89CDB92F6929EC002271F3 /* AccessPulseDemo */,
			);
			name = AccessPulseDemo;
			packageProductDependencies = (
				5A11A11B0000000000000002 /* AccessPulseUI */,
			);
			productName = AccessPulseDemo;
			productReference = 0F89CDB72F6929EC002271F3 /* AccessPulseDemo.app */;
			productType = "com.apple.product-type.application";
		};
		0F89CDC32F6929EE002271F3 /* AccessPulseDemoTests */ = {
			isa = PBXNativeTarget;
			buildConfigurationList = 0F89CDDB2F6929EE002271F3 /* Build configuration list for PBXNativeTarget "AccessPulseDemoTests" */;
			buildPhases = (
				0F89CDC02F6929EE002271F3 /* Sources */,
				0F89CDC12F6929EE002271F3 /* Frameworks */,
				0F89CDC22F6929EE002271F3 /* Resources */,
			);
			buildRules = (
			);
			dependencies = (
				0F89CDC62F6929EE002271F3 /* PBXTargetDependency */,
			);
			fileSystemSynchronizedGroups = (
				0F89CDC72F6929EE002271F3 /* AccessPulseDemoTests */,
			);
			name = AccessPulseDemoTests;
			packageProductDependencies = (
			);
			productName = AccessPulseDemoTests;
			productReference = 0F89CDC42F6929EE002271F3 /* AccessPulseDemoTests.xctest */;
			productType = "com.apple.product-type.bundle.unit-test";
		};
		0F89CDCD2F6929EE002271F3 /* AccessPulseDemoUITests */ = {
			isa = PBXNativeTarget;
			buildConfigurationList = 0F89CDDE2F6929EE002271F3 /* Build configuration list for PBXNativeTarget "AccessPulseDemoUITests" */;
			buildPhases = (
				0F89CDCA2F6929EE002271F3 /* Sources */,
				0F89CDCB2F6929EE002271F3 /* Frameworks */,
				0F89CDCC2F6929EE002271F3 /* Resources */,
			);
			buildRules = (
			);
			dependencies = (
				0F89CDD02F6929EE002271F3 /* PBXTargetDependency */,
			);
			fileSystemSynchronizedGroups = (
				0F89CDD12F6929EE002271F3 /* AccessPulseDemoUITests */,
			);
			name = AccessPulseDemoUITests;
			packageProductDependencies = (
			);
			productName = AccessPulseDemoUITests;
			productReference = 0F89CDCE2F6929EE002271F3 /* AccessPulseDemoUITests.xctest */;
			productType = "com.apple.product-type.bundle.ui-testing";
		};
/* End PBXNativeTarget section */

/* Begin PBXProject section */
		0F89CDAF2F6929EC002271F3 /* Project object */ = {
			isa = PBXProject;
			attributes = {
				BuildIndependentTargetsInParallel = 1;
				LastSwiftUpdateCheck = 2630;
				LastUpgradeCheck = 2630;
				TargetAttributes = {
					0F89CDB62F6929EC002271F3 = {
						CreatedOnToolsVersion = 26.3;
					};
					0F89CDC32F6929EE002271F3 = {
						CreatedOnToolsVersion = 26.3;
						TestTargetID = 0F89CDB62F6929EC002271F3;
					};
					0F89CDCD2F6929EE002271F3 = {
						CreatedOnToolsVersion = 26.3;
						TestTargetID = 0F89CDB62F6929EC002271F3;
					};
				};
			};
			buildConfigurationList = 0F89CDB22F6929EC002271F3 /* Build configuration list for PBXProject "AccessPulseDemo" */;
			developmentRegion = en;
			hasScannedForEncodings = 0;
			knownRegions = (
				en,
				Base,
			);
			mainGroup = 0F89CDAE2F6929EC002271F3;
			minimizedProjectReferenceProxies = 1;
			packageReferences = (
				5A11A11B0000000000000003 /* XCLocalSwiftPackageReference "../../" */,
			);
			preferredProjectObjectVersion = 77;
			productRefGroup = 0F89CDB82F6929EC002271F3 /* Products */;
			projectDirPath = "";
			projectRoot = "";
			targets = (
				0F89CDB62F6929EC002271F3 /* AccessPulseDemo */,
				0F89CDC32F6929EE002271F3 /* AccessPulseDemoTests */,
				0F89CDCD2F6929EE002271F3 /* AccessPulseDemoUITests */,
			);
		};
/* End PBXProject section */

/* Begin PBXResourcesBuildPhase section */
		0F89CDB52F6929EC002271F3 /* Resources */ = {
			isa = PBXResourcesBuildPhase;
			buildActionMask = 2147483647;
			files = (
			);
			runOnlyForDeploymentPostprocessing = 0;
		};
		0F89CDC22F6929EE002271F3 /* Resources */ = {
			isa = PBXResourcesBuildPhase;
			buildActionMask = 2147483647;
			files = (
			);
			runOnlyForDeploymentPostprocessing = 0;
		};
		0F89CDCC2F6929EE002271F3 /* Resources */ = {
			isa = PBXResourcesBuildPhase;
			buildActionMask = 2147483647;
			files = (
			);
			runOnlyForDeploymentPostprocessing = 0;
		};
/* End PBXResourcesBuildPhase section */

/* Begin PBXSourcesBuildPhase section */
		0F89CDB32F6929EC002271F3 /* Sources */ = {
			isa = PBXSourcesBuildPhase;
			buildActionMask = 2147483647;
			files = (
			);
			runOnlyForDeploymentPostprocessing = 0;
		};
		0F89CDC02F6929EE002271F3 /* Sources */ = {
			isa = PBXSourcesBuildPhase;
			buildActionMask = 2147483647;
			files = (
			);
			runOnlyForDeploymentPostprocessing = 0;
		};
		0F89CDCA2F6929EE002271F3 /* Sources */ = {
			isa = PBXSourcesBuildPhase;
			buildActionMask = 2147483647;
			files = (
			);
			runOnlyForDeploymentPostprocessing = 0;
		};
/* End PBXSourcesBuildPhase section */

/* Begin PBXTargetDependency section */
		0F89CDC62F6929EE002271F3 /* PBXTargetDependency */ = {
			isa = PBXTargetDependency;
			target = 0F89CDB62F6929EC002271F3 /* AccessPulseDemo */;
			targetProxy = 0F89CDC52F6929EE002271F3 /* PBXContainerItemProxy */;
		};
		0F89CDD02F6929EE002271F3 /* PBXTargetDependency */ = {
			isa = PBXTargetDependency;
			target = 0F89CDB62F6929EC002271F3 /* AccessPulseDemo */;
			targetProxy = 0F89CDCF2F6929EE002271F3 /* PBXContainerItemProxy */;
		};
/* End PBXTargetDependency section */

/* Begin XCLocalSwiftPackageReference section */
		5A11A11B0000000000000003 /* XCLocalSwiftPackageReference "../../" */ = {
			isa = XCLocalSwiftPackageReference;
			relativePath = ../../;
		};
/* End XCLocalSwiftPackageReference section */

/* Begin XCSwiftPackageProductDependency section */
		5A11A11B0000000000000002 /* AccessPulseUI */ = {
			isa = XCSwiftPackageProductDependency;
			package = 5A11A11B0000000000000003 /* XCLocalSwiftPackageReference "../../" */;
			productName = AccessPulseUI;
		};
/* End XCSwiftPackageProductDependency section */

/* Begin XCBuildConfiguration section */
		0F89CDD62F6929EE002271F3 /* Debug */ = {
			isa = XCBuildConfiguration;
			buildSettings = {
				ALWAYS_SEARCH_USER_PATHS = NO;
				ASSETCATALOG_COMPILER_GENERATE_SWIFT_ASSET_SYMBOL_EXTENSIONS = YES;
				CLANG_ANALYZER_NONNULL = YES;
				CLANG_ANALYZER_NUMBER_OBJECT_CONVERSION = YES_AGGRESSIVE;
				CLANG_CXX_LANGUAGE_STANDARD = "gnu++20";
				CLANG_ENABLE_MODULES = YES;
				CLANG_ENABLE_OBJC_ARC = YES;
				CLANG_ENABLE_OBJC_WEAK = YES;
				CLANG_WARN_BLOCK_CAPTURE_AUTORELEASING = YES;
				CLANG_WARN_BOOL_CONVERSION = YES;
				CLANG_WARN_COMMA = YES;
				CLANG_WARN_CONSTANT_CONVERSION = YES;
				CLANG_WARN_DEPRECATED_OBJC_IMPLEMENTATIONS = YES;
				CLANG_WARN_DIRECT_OBJC_ISA_USAGE = YES_ERROR;
				CLANG_WARN_DOCUMENTATION_COMMENTS = YES;
				CLANG_WARN_EMPTY_BODY = YES;
				CLANG_WARN_ENUM_CONVERSION = YES;
				CLANG_WARN_INFINITE_RECURSION = YES;
				CLANG_WARN_INT_CONVERSION = YES;
				CLANG_WARN_NON_LITERAL_NULL_CONVERSION = YES;
				CLANG_WARN_OBJC_IMPLICIT_RETAIN_SELF = YES;
				CLANG_WARN_OBJC_LITERAL_CONVERSION = YES;
				CLANG_WARN_OBJC_ROOT_CLASS = YES_ERROR;
				CLANG_WARN_QUOTED_INCLUDE_IN_FRAMEWORK_HEADER = YES;
				CLANG_WARN_RANGE_LOOP_ANALYSIS = YES;
				CLANG_WARN_STRICT_PROTOTYPES = YES;
				CLANG_WARN_SUSPICIOUS_MOVE = YES;
				CLANG_WARN_UNGUARDED_AVAILABILITY = YES_AGGRESSIVE;
				CLANG_WARN_UNREACHABLE_CODE = YES;
				CLANG_WARN__DUPLICATE_METHOD_MATCH = YES;
				COPY_PHASE_STRIP = NO;
				DEBUG_INFORMATION_FORMAT = dwarf;
				DEVELOPMENT_TEAM = R822Q76WSW;
				ENABLE_STRICT_OBJC_MSGSEND = YES;
				ENABLE_TESTABILITY = YES;
				ENABLE_USER_SCRIPT_SANDBOXING = YES;
				GCC_C_LANGUAGE_STANDARD = gnu17;
				GCC_DYNAMIC_NO_PIC = NO;
				GCC_NO_COMMON_BLOCKS = YES;
				GCC_OPTIMIZATION_LEVEL = 0;
				GCC_PREPROCESSOR_DEFINITIONS = (
					"DEBUG=1",
					"$(inherited)",
				);
				GCC_WARN_64_TO_32_BIT_CONVERSION = YES;
				GCC_WARN_ABOUT_RETURN_TYPE = YES_ERROR;
				GCC_WARN_UNDECLARED_SELECTOR = YES;
				GCC_WARN_UNINITIALIZED_AUTOS = YES_AGGRESSIVE;
				GCC_WARN_UNUSED_FUNCTION = YES;
				GCC_WARN_UNUSED_VARIABLE = YES;
				IPHONEOS_DEPLOYMENT_TARGET = 26.2;
				LOCALIZATION_PREFERS_STRING_CATALOGS = YES;
				MTL_ENABLE_DEBUG_INFO = INCLUDE_SOURCE;
				MTL_FAST_MATH = YES;
				ONLY_ACTIVE_ARCH = YES;
				SDKROOT = iphoneos;
				SWIFT_ACTIVE_COMPILATION_CONDITIONS = "DEBUG $(inherited)";
				SWIFT_OPTIMIZATION_LEVEL = "-Onone";
			};
			name = Debug;
		};
		0F89CDD72F6929EE002271F3 /* Release */ = {
			isa = XCBuildConfiguration;
			buildSettings = {
				ALWAYS_SEARCH_USER_PATHS = NO;
				ASSETCATALOG_COMPILER_GENERATE_SWIFT_ASSET_SYMBOL_EXTENSIONS = YES;
				CLANG_ANALYZER_NONNULL = YES;
				CLANG_ANALYZER_NUMBER_OBJECT_CONVERSION = YES_AGGRESSIVE;
				CLANG_CXX_LANGUAGE_STANDARD = "gnu++20";
				CLANG_ENABLE_MODULES = YES;
				CLANG_ENABLE_OBJC_ARC = YES;
				CLANG_ENABLE_OBJC_WEAK = YES;
				CLANG_WARN_BLOCK_CAPTURE_AUTORELEASING = YES;
				CLANG_WARN_BOOL_CONVERSION = YES;
				CLANG_WARN_COMMA = YES;
				CLANG_WARN_CONSTANT_CONVERSION = YES;
				CLANG_WARN_DEPRECATED_OBJC_IMPLEMENTATIONS = YES;
				CLANG_WARN_DIRECT_OBJC_ISA_USAGE = YES_ERROR;
				CLANG_WARN_DOCUMENTATION_COMMENTS = YES;
				CLANG_WARN_EMPTY_BODY = YES;
				CLANG_WARN_ENUM_CONVERSION = YES;
				CLANG_WARN_INFINITE_RECURSION = YES;
				CLANG_WARN_INT_CONVERSION = YES;
				CLANG_WARN_NON_LITERAL_NULL_CONVERSION = YES;
				CLANG_WARN_OBJC_IMPLICIT_RETAIN_SELF = YES;
				CLANG_WARN_OBJC_LITERAL_CONVERSION = YES;
				CLANG_WARN_OBJC_ROOT_CLASS = YES_ERROR;
				CLANG_WARN_QUOTED_INCLUDE_IN_FRAMEWORK_HEADER = YES;
				CLANG_WARN_RANGE_LOOP_ANALYSIS = YES;
				CLANG_WARN_STRICT_PROTOTYPES = YES;
				CLANG_WARN_SUSPICIOUS_MOVE = YES;
				CLANG_WARN_UNGUARDED_AVAILABILITY = YES_AGGRESSIVE;
				CLANG_WARN_UNREACHABLE_CODE = YES;
				CLANG_WARN__DUPLICATE_METHOD_MATCH = YES;
				COPY_PHASE_STRIP = NO;
				DEBUG_INFORMATION_FORMAT = "dwarf-with-dsym";
				DEVELOPMENT_TEAM = R822Q76WSW;
				ENABLE_NS_ASSERTIONS = NO;
				ENABLE_STRICT_OBJC_MSGSEND = YES;
				ENABLE_USER_SCRIPT_SANDBOXING = YES;
				GCC_C_LANGUAGE_STANDARD = gnu17;
				GCC_NO_COMMON_BLOCKS = YES;
				GCC_WARN_64_TO_32_BIT_CONVERSION = YES;
				GCC_WARN_ABOUT_RETURN_TYPE = YES_ERROR;
				GCC_WARN_UNDECLARED_SELECTOR = YES;
				GCC_WARN_UNINITIALIZED_AUTOS = YES_AGGRESSIVE;
				GCC_WARN_UNUSED_FUNCTION = YES;
				GCC_WARN_UNUSED_VARIABLE = YES;
				IPHONEOS_DEPLOYMENT_TARGET = 26.2;
				LOCALIZATION_PREFERS_STRING_CATALOGS = YES;
				MTL_ENABLE_DEBUG_INFO = NO;
				MTL_FAST_MATH = YES;
				SDKROOT = iphoneos;
				SWIFT_COMPILATION_MODE = wholemodule;
				VALIDATE_PRODUCT = YES;
			};
			name = Release;
		};
		0F89CDD92F6929EE002271F3 /* Debug */ = {
			isa = XCBuildConfiguration;
			buildSettings = {
				ASSETCATALOG_COMPILER_APPICON_NAME = AppIcon;
				ASSETCATALOG_COMPILER_GLOBAL_ACCENT_COLOR_NAME = AccentColor;
				CODE_SIGN_STYLE = Automatic;
				CURRENT_PROJECT_VERSION = 1;
				DEVELOPMENT_TEAM = R822Q76WSW;
				ENABLE_PREVIEWS = YES;
				GENERATE_INFOPLIST_FILE = YES;
				INFOPLIST_KEY_UIApplicationSceneManifest_Generation = YES;
				INFOPLIST_KEY_UIApplicationSupportsIndirectInputEvents = YES;
				INFOPLIST_KEY_UILaunchScreen_Generation = YES;
				INFOPLIST_KEY_UISupportedInterfaceOrientations_iPad = "UIInterfaceOrientationPortrait UIInterfaceOrientationPortraitUpsideDown UIInterfaceOrientationLandscapeLeft UIInterfaceOrientationLandscapeRight";
				INFOPLIST_KEY_UISupportedInterfaceOrientations_iPhone = "UIInterfaceOrientationPortrait UIInterfaceOrientationLandscapeLeft UIInterfaceOrientationLandscapeRight";
				LD_RUNPATH_SEARCH_PATHS = (
					"$(inherited)",
					"@executable_path/Frameworks",
				);
				MARKETING_VERSION = 1.0;
				PRODUCT_BUNDLE_IDENTIFIER = com.SAAAin.AccessPulseDemo;
				PRODUCT_NAME = "$(TARGET_NAME)";
				STRING_CATALOG_GENERATE_SYMBOLS = YES;
				SWIFT_APPROACHABLE_CONCURRENCY = YES;
				SWIFT_DEFAULT_ACTOR_ISOLATION = MainActor;
				SWIFT_EMIT_LOC_STRINGS = YES;
				SWIFT_UPCOMING_FEATURE_MEMBER_IMPORT_VISIBILITY = YES;
				SWIFT_VERSION = 5.0;
				TARGETED_DEVICE_FAMILY = "1,2";
			};
			name = Debug;
		};
		0F89CDDA2F6929EE002271F3 /* Release */ = {
			isa = XCBuildConfiguration;
			buildSettings = {
				ASSETCATALOG_COMPILER_APPICON_NAME = AppIcon;
				ASSETCATALOG_COMPILER_GLOBAL_ACCENT_COLOR_NAME = AccentColor;
				CODE_SIGN_STYLE = Automatic;
				CURRENT_PROJECT_VERSION = 1;
				DEVELOPMENT_TEAM = R822Q76WSW;
				ENABLE_PREVIEWS = YES;
				GENERATE_INFOPLIST_FILE = YES;
				INFOPLIST_KEY_UIApplicationSceneManifest_Generation = YES;
				INFOPLIST_KEY_UIApplicationSupportsIndirectInputEvents = YES;
				INFOPLIST_KEY_UILaunchScreen_Generation = YES;
				INFOPLIST_KEY_UISupportedInterfaceOrientations_iPad = "UIInterfaceOrientationPortrait UIInterfaceOrientationPortraitUpsideDown UIInterfaceOrientationLandscapeLeft UIInterfaceOrientationLandscapeRight";
				INFOPLIST_KEY_UISupportedInterfaceOrientations_iPhone = "UIInterfaceOrientationPortrait UIInterfaceOrientationLandscapeLeft UIInterfaceOrientationLandscapeRight";
				LD_RUNPATH_SEARCH_PATHS = (
					"$(inherited)",
					"@executable_path/Frameworks",
				);
				MARKETING_VERSION = 1.0;
				PRODUCT_BUNDLE_IDENTIFIER = com.SAAAin.AccessPulseDemo;
				PRODUCT_NAME = "$(TARGET_NAME)";
				STRING_CATALOG_GENERATE_SYMBOLS = YES;
				SWIFT_APPROACHABLE_CONCURRENCY = YES;
				SWIFT_DEFAULT_ACTOR_ISOLATION = MainActor;
				SWIFT_EMIT_LOC_STRINGS = YES;
				SWIFT_UPCOMING_FEATURE_MEMBER_IMPORT_VISIBILITY = YES;
				SWIFT_VERSION = 5.0;
				TARGETED_DEVICE_FAMILY = "1,2";
			};
			name = Release;
		};
		0F89CDDC2F6929EE002271F3 /* Debug */ = {
			isa = XCBuildConfiguration;
			buildSettings = {
				BUNDLE_LOADER = "$(TEST_HOST)";
				CODE_SIGN_STYLE = Automatic;
				CURRENT_PROJECT_VERSION = 1;
				DEVELOPMENT_TEAM = R822Q76WSW;
				GENERATE_INFOPLIST_FILE = YES;
				IPHONEOS_DEPLOYMENT_TARGET = 26.2;
				MARKETING_VERSION = 1.0;
				PRODUCT_BUNDLE_IDENTIFIER = com.SAAAin.AccessPulseDemoTests;
				PRODUCT_NAME = "$(TARGET_NAME)";
				STRING_CATALOG_GENERATE_SYMBOLS = NO;
				SWIFT_APPROACHABLE_CONCURRENCY = YES;
				SWIFT_EMIT_LOC_STRINGS = NO;
				SWIFT_UPCOMING_FEATURE_MEMBER_IMPORT_VISIBILITY = YES;
				SWIFT_VERSION = 5.0;
				TARGETED_DEVICE_FAMILY = "1,2";
				TEST_HOST = "$(BUILT_PRODUCTS_DIR)/AccessPulseDemo.app/$(BUNDLE_EXECUTABLE_FOLDER_PATH)/AccessPulseDemo";
			};
			name = Debug;
		};
		0F89CDDD2F6929EE002271F3 /* Release */ = {
			isa = XCBuildConfiguration;
			buildSettings = {
				BUNDLE_LOADER = "$(TEST_HOST)";
				CODE_SIGN_STYLE = Automatic;
				CURRENT_PROJECT_VERSION = 1;
				DEVELOPMENT_TEAM = R822Q76WSW;
				GENERATE_INFOPLIST_FILE = YES;
				IPHONEOS_DEPLOYMENT_TARGET = 26.2;
				MARKETING_VERSION = 1.0;
				PRODUCT_BUNDLE_IDENTIFIER = com.SAAAin.AccessPulseDemoTests;
				PRODUCT_NAME = "$(TARGET_NAME)";
				STRING_CATALOG_GENERATE_SYMBOLS = NO;
				SWIFT_APPROACHABLE_CONCURRENCY = YES;
				SWIFT_EMIT_LOC_STRINGS = NO;
				SWIFT_UPCOMING_FEATURE_MEMBER_IMPORT_VISIBILITY = YES;
				SWIFT_VERSION = 5.0;
				TARGETED_DEVICE_FAMILY = "1,2";
				TEST_HOST = "$(BUILT_PRODUCTS_DIR)/AccessPulseDemo.app/$(BUNDLE_EXECUTABLE_FOLDER_PATH)/AccessPulseDemo";
			};
			name = Release;
		};
		0F89CDDF2F6929EE002271F3 /* Debug */ = {
			isa = XCBuildConfiguration;
			buildSettings = {
				CODE_SIGN_STYLE = Automatic;
				CURRENT_PROJECT_VERSION = 1;
				DEVELOPMENT_TEAM = R822Q76WSW;
				GENERATE_INFOPLIST_FILE = YES;
				MARKETING_VERSION = 1.0;
				PRODUCT_BUNDLE_IDENTIFIER = com.SAAAin.AccessPulseDemoUITests;
				PRODUCT_NAME = "$(TARGET_NAME)";
				STRING_CATALOG_GENERATE_SYMBOLS = NO;
				SWIFT_APPROACHABLE_CONCURRENCY = YES;
				SWIFT_EMIT_LOC_STRINGS = NO;
				SWIFT_UPCOMING_FEATURE_MEMBER_IMPORT_VISIBILITY = YES;
				SWIFT_VERSION = 5.0;
				TARGETED_DEVICE_FAMILY = "1,2";
				TEST_TARGET_NAME = AccessPulseDemo;
			};
			name = Debug;
		};
		0F89CDE02F6929EE002271F3 /* Release */ = {
			isa = XCBuildConfiguration;
			buildSettings = {
				CODE_SIGN_STYLE = Automatic;
				CURRENT_PROJECT_VERSION = 1;
				DEVELOPMENT_TEAM = R822Q76WSW;
				GENERATE_INFOPLIST_FILE = YES;
				MARKETING_VERSION = 1.0;
				PRODUCT_BUNDLE_IDENTIFIER = com.SAAAin.AccessPulseDemoUITests;
				PRODUCT_NAME = "$(TARGET_NAME)";
				STRING_CATALOG_GENERATE_SYMBOLS = NO;
				SWIFT_APPROACHABLE_CONCURRENCY = YES;
				SWIFT_EMIT_LOC_STRINGS = NO;
				SWIFT_UPCOMING_FEATURE_MEMBER_IMPORT_VISIBILITY = YES;
				SWIFT_VERSION = 5.0;
				TARGETED_DEVICE_FAMILY = "1,2";
				TEST_TARGET_NAME = AccessPulseDemo;
			};
			name = Release;
		};
/* End XCBuildConfiguration section */

/* Begin XCConfigurationList section */
		0F89CDB22F6929EC002271F3 /* Build configuration list for PBXProject "AccessPulseDemo" */ = {
			isa = XCConfigurationList;
			buildConfigurations = (
				0F89CDD62F6929EE002271F3 /* Debug */,
				0F89CDD72F6929EE002271F3 /* Release */,
			);
			defaultConfigurationIsVisible = 0;
			defaultConfigurationName = Release;
		};
		0F89CDD82F6929EE002271F3 /* Build configuration list for PBXNativeTarget "AccessPulseDemo" */ = {
			isa = XCConfigurationList;
			buildConfigurations = (
				0F89CDD92F6929EE002271F3 /* Debug */,
				0F89CDDA2F6929EE002271F3 /* Release */,
			);
			defaultConfigurationIsVisible = 0;
			defaultConfigurationName = Release;
		};
		0F89CDDB2F6929EE002271F3 /* Build configuration list for PBXNativeTarget "AccessPulseDemoTests" */ = {
			isa = XCConfigurationList;
			buildConfigurations = (
				0F89CDDC2F6929EE002271F3 /* Debug */,
				0F89CDDD2F6929EE002271F3 /* Release */,
			);
			defaultConfigurationIsVisible = 0;
			defaultConfigurationName = Release;
		};
		0F89CDDE2F6929EE002271F3 /* Build configuration list for PBXNativeTarget "AccessPulseDemoUITests" */ = {
			isa = XCConfigurationList;
			buildConfigurations = (
				0F89CDDF2F6929EE002271F3 /* Debug */,
				0F89CDE02F6929EE002271F3 /* Release */,
			);
			defaultConfigurationIsVisible = 0;
			defaultConfigurationName = Release;
		};
/* End XCConfigurationList section */
	};
	rootObject = 0F89CDAF2F6929EC002271F3 /* Project object */;
}
